
Microsoft Visual Studio Solution File, Format Version 12.00
# Visual Studio Version 16
VisualStudioVersion = 16.0.30611.23
MinimumVisualStudioVersion = 10.0.40219.1
Project("{9A19103F-16F7-4668-BE54-9A1E7A4F7556}") = "AlphaVantageConnector", "AlphAvantageConnector\AlphaVantageConnector.csproj", "{8B52A559-79FC-48C9-87D0-6DD59D3ADC47}"
EndProject
Project("{9A19103F-16F7-4668-BE54-9A1E7A4F7556}") = "Common", "Common\Common.csproj", "{1C5ECAB4-EF94-42D8-80D2-6BC8615B0F80}"
EndProject
Project("{9A19103F-16F7-4668-BE54-9A1E7A4F7556}") = "AlphaVantageDto", "AlphaVantageDto\AlphaVantageDto.csproj", "{77D45DAF-D353-4788-8821-5FA8315FC07D}"
EndProject
Project("{9A19103F-16F7-4668-BE54-9A1E7A4F7556}") = "AnalyticsApi", "AnalyticsApi\AnalyticsApi.csproj", "{858753FC-5FA6-4A5D-97D7-41A6DDEA87FD}"
EndProject
Project("{2150E333-8FDC-42A3-9474-1A3956D46DE8}") = "Tests", "Tests", "{B595B262-517A-48F2-B32B-C65011200C13}"
EndProject
Project("{9A19103F-16F7-4668-BE54-9A1E7A4F7556}") = "CommonTests", "Tests\CommonTests\CommonTests.csproj", "{0E1E92AF-08FE-43C7-BF7A-69874DFA4385}"
EndProject
Project("{FAE04EC0-301F-11D3-BF4B-00C04F79EFBC}") = "AlphaVantageConnectorTests", "Tests\AlphaVantageConnectorTests\AlphaVantageConnectorTests.csproj", "{E7AA679C-61D6-4061-B621-99A2F1F6C5AF}"
EndProject
Global
	GlobalSection(SolutionConfigurationPlatforms) = preSolution
		Debug|Any CPU = Debug|Any CPU
		Release|Any CPU = Release|Any CPU
	EndGlobalSection
	GlobalSection(ProjectConfigurationPlatforms) = postSolution
		{8B52A559-79FC-48C9-87D0-6DD59D3ADC47}.Debug|Any CPU.ActiveCfg = Debug|Any CPU
		{8B52A559-79FC-48C9-87D0-6DD59D3ADC47}.Debug|Any CPU.Build.0 = Debug|Any CPU
		{8B52A559-79FC-48C9-87D0-6DD59D3ADC47}.Release|Any CPU.ActiveCfg = Release|Any CPU
		{8B52A559-79FC-48C9-87D0-6DD59D3ADC47}.Release|Any CPU.Build.0 = Release|Any CPU
		{1C5ECAB4-EF94-42D8-80D2-6BC8615B0F80}.Debug|Any CPU.ActiveCfg = Debug|Any CPU
		{1C5ECAB4-EF94-42D8-80D2-6BC8615B0F80}.Debug|Any CPU.Build.0 = Debug|Any CPU
		{1C5ECAB4-EF94-42D8-80D2-6BC8615B0F80}.Release|Any CPU.ActiveCfg = Release|Any CPU
		{1C5ECAB4-EF94-42D8-80D2-6BC8615B0F80}.Release|Any CPU.Build.0 = Release|Any CPU
		{77D45DAF-D353-4788-8821-5FA8315FC07D}.Debug|Any CPU.ActiveCfg = Debug|Any CPU
		{77D45DAF-D353-4788-8821-5FA8315FC07D}.Debug|Any CPU.Build.0 = Debug|Any CPU
		{77D45DAF-D353-4788-8821-5FA8315FC07D}.Release|Any CPU.ActiveCfg = Release|Any CPU
		{77D45DAF-D353-4788-8821-5FA8315FC07D}.Release|Any CPU.Build.0 = Release|Any CPU
		{858753FC-5FA6-4A5D-97D7-41A6DDEA87FD}.Debug|Any CPU.ActiveCfg = Debug|Any CPU
		{858753FC-5FA6-4A5D-97D7-41A6DDEA87FD}.Debug|Any CPU.Build.0 = Debug|Any CPU
		{858753FC-5FA6-4A5D-97D7-41A6DDEA87FD}.Release|Any CPU.ActiveCfg = Release|Any CPU
		{858753FC-5FA6-4A5D-97D7-41A6DDEA87FD}.Release|Any CPU.Build.0 = Release|Any CPU
		{0E1E92AF-08FE-43C7-BF7A-69874DFA4385}.Debug|Any CPU.ActiveCfg = Debug|Any CPU
		{0E1E92AF-08FE-43C7-BF7A-69874DFA4385}.Debug|Any CPU.Build.0 = Debug|Any CPU
		{0E1E92AF-08FE-43C7-BF7A-69874DFA4385}.Release|Any CPU.ActiveCfg = Release|Any CPU
		{0E1E92AF-08FE-43C7-BF7A-69874DFA4385}.Release|Any CPU.Build.0 = Release|Any CPU
		{E7AA679C-61D6-4061-B621-99A2F1F6C5AF}.Debug|Any CPU.ActiveCfg = Debug|Any CPU
		{E7AA679C-61D6-4061-B621-99A2F1F6C5AF}.Debug|Any CPU.Build.0 = Debug|Any CPU
		{E7AA679C-61D6-4061-B621-99A2F1F6C5AF}.Release|Any CPU.ActiveCfg = Release|Any CPU
		{E7AA679C-61D6-4061-B621-99A2F1F6C5AF}.Release|Any CPU.Build.0 = Release|Any CPU
	EndGlobalSection
	GlobalSection(SolutionProperties) = preSolution
		HideSolutionNode = FALSE
	EndGlobalSection
	GlobalSection(NestedProjects) = preSolution
		{0E1E92AF-08FE-43C7-BF7A-69874DFA4385} = {B595B262-517A-48F2-B32B-C65011200C13}
		{E7AA679C-61D6-4061-B621-99A2F1F6C5AF} = {B595B262-517A-48F2-B32B-C65011200C13}
	EndGlobalSection
	GlobalSection(ExtensibilityGlobals) = postSolution
		SolutionGuid = {1CE401ED-2EB4-49F2-A221-511CDD165B90}
	EndGlobalSection
EndGlobal
